
Microsoft Visual Studio Solution File, Format Version 12.00
# Visual Studio Version 16
VisualStudioVersion = 16.0.31424.327
MinimumVisualStudioVersion = 10.0.40219.1
Project("{FAE04EC0-301F-11D3-BF4B-00C04F79EFBC}") = "ToDoList", "ToDoList\ToDoList.csproj", "{5DF6E4AB-E80E-4F38-A54B-EAEC9D55300F}"
EndProject
Global
	GlobalSection(SolutionConfigurationPlatforms) = preSolution
		Debug|Any CPU = Debug|Any CPU
		Release|Any CPU = Release|Any CPU
	EndGlobalSection
	GlobalSection(ProjectConfigurationPlatforms) = postSolution
		{5DF6E4AB-E80E-4F38-A54B-EAEC9D55300F}.Debug|Any CPU.ActiveCfg = Debug|Any CPU
		{5DF6E4AB-E80E-4F38-A54B-EAEC9D55300F}.Debug|Any CPU.Build.0 = Debug|Any CPU
		{5DF6E4AB-E80E-4F38-A54B-EAEC9D55300F}.Release|Any CPU.ActiveCfg = Release|Any CPU
		{5DF6E4AB-E80E-4F38-A54B-EAEC9D55300F}.Release|Any CPU.Build.0 = Release|Any CPU
	EndGlobalSection
	GlobalSection(SolutionProperties) = preSolution
		HideSolutionNode = FALSE
	EndGlobalSection
	GlobalSection(ExtensibilityGlobals) = postSolution
		SolutionGuid = {A70C719B-6B64-40B3-B8B5-A589AFD834D1}
	EndGlobalSection
EndGlobal
